// !$*UTF8*$!
{
	archiveVersion = 1;
	classes = {
	};
	objectVersion = 46;
	objects = {

/* Begin PBXBuildFile section */
		9D450DA81DFA473D003DDA3B /* AppDelegate.swift in Sources */ = {isa = PBXBuildFile; fileRef = 9D450DA71DFA473D003DDA3B /* AppDelegate.swift */; };
		9D450DAA1DFA473D003DDA3B /* ViewController.swift in Sources */ = {isa = PBXBuildFile; fileRef = 9D450DA91DFA473D003DDA3B /* ViewController.swift */; };
		9D450DAD1DFA473D003DDA3B /* Main.storyboard in Resources */ = {isa = PBXBuildFile; fileRef = 9D450DAB1DFA473D003DDA3B /* Main.storyboard */; };
		9D450DAF1DFA473D003DDA3B /* Assets.xcassets in Resources */ = {isa = PBXBuildFile; fileRef = 9D450DAE1DFA473D003DDA3B /* Assets.xcassets */; };
		9D450DB21DFA473D003DDA3B /* LaunchScreen.storyboard in Resources */ = {isa = PBXBuildFile; fileRef = 9D450DB01DFA473D003DDA3B /* LaunchScreen.storyboard */; };
		9D450DBD1DFA473D003DDA3B /* MapTestTests.swift in Sources */ = {isa = PBXBuildFile; fileRef = 9D450DBC1DFA473D003DDA3B /* MapTestTests.swift */; };
		9D450DC81DFA473D003DDA3B /* MapTestUITests.swift in Sources */ = {isa = PBXBuildFile; fileRef = 9D450DC71DFA473D003DDA3B /* MapTestUITests.swift */; };
/* End PBXBuildFile section */

/* Begin PBXContainerItemProxy section */
		9D450DB91DFA473D003DDA3B /* PBXContainerItemProxy */ = {
			isa = PBXContainerItemProxy;
			containerPortal = 9D450D9C1DFA473C003DDA3B /* Project object */;
			proxyType = 1;
			remoteGlobalIDString = 9D450DA31DFA473C003DDA3B;
			remoteInfo = MapTest;
		};
		9D450DC41DFA473D003DDA3B /* PBXContainerItemProxy */ = {
			isa = PBXContainerItemProxy;
			containerPortal = 9D450D9C1DFA473C003DDA3B /* Project object */;
			proxyType = 1;
			remoteGlobalIDString = 9D450DA31DFA473C003DDA3B;
			remoteInfo = MapTest;
		};
/* End PBXContainerItemProxy section */

/* Begin PBXFileReference section */
		9D450DA41DFA473D003DDA3B /* MapTest.app */ = {isa = PBXFileReference; explicitFileType = wrapper.application; includeInIndex = 0; path = MapTest.app; sourceTree = BUILT_PRODUCTS_DIR; };
		9D450DA71DFA473D003DDA3B /* AppDelegate.swift */ = {isa = PBXFileReference; lastKnownFileType = sourcecode.swift; path = AppDelegate.swift; sourceTree = "<group>"; };
		9D450DA91DFA473D003DDA3B /* ViewController.swift */ = {isa = PBXFileReference; lastKnownFileType = sourcecode.swift; path = ViewController.swift; sourceTree = "<group>"; };
		9D450DAC1DFA473D003DDA3B /* Base */ = {isa = PBXFileReference; lastKnownFileType = file.storyboard; name = Base; path = Base.lproj/Main.storyboard; sourceTree = "<group>"; };
		9D450DAE1DFA473D003DDA3B /* Assets.xcassets */ = {isa = PBXFileReference; lastKnownFileType = folder.assetcatalog; path = Assets.xcassets; sourceTree = "<group>"; };
		9D450DB11DFA473D003DDA3B /* Base */ = {isa = PBXFileReference; lastKnownFileType = file.storyboard; name = Base; path = Base.lproj/LaunchScreen.storyboard; sourceTree = "<group>"; };
		9D450DB31DFA473D003DDA3B /* Info.plist */ = {isa = PBXFileReference; lastKnownFileType = text.plist.xml; path = Info.plist; sourceTree = "<group>"; };
		9D450DB81DFA473D003DDA3B /* MapTestTests.xctest */ = {isa = PBXFileReference; explicitFileType = wrapper.cfbundle; includeInIndex = 0; path = MapTestTests.xctest; sourceTree = BUILT_PRODUCTS_DIR; };
		9D450DBC1DFA473D003DDA3B /* MapTestTests.swift */ = {isa = PBXFileReference; lastKnownFileType = sourcecode.swift; path = MapTestTests.swift; sourceTree = "<group>"; };
		9D450DBE1DFA473D003DDA3B /* Info.plist */ = {isa = PBXFileReference; lastKnownFileType = text.plist.xml; path = Info.plist; sourceTree = "<group>"; };
		9D450DC31DFA473D003DDA3B /* MapTestUITests.xctest */ = {isa = PBXFileReference; explicitFileType = wrapper.cfbundle; includeInIndex = 0; path = MapTestUITests.xctest; sourceTree = BUILT_PRODUCTS_DIR; };
		9D450DC71DFA473D003DDA3B /* MapTestUITests.swift */ = {isa = PBXFileReference; lastKnownFileType = sourcecode.swift; path = MapTestUITests.swift; sourceTree = "<group>"; };
		9D450DC91DFA473D003DDA3B /* Info.plist */ = {isa = PBXFileReference; lastKnownFileType = text.plist.xml; path = Info.plist; sourceTree = "<group>"; };
/* End PBXFileReference section */

/* Begin PBXFrameworksBuildPhase section */
		9D450DA11DFA473C003DDA3B /* Frameworks */ = {
			isa = PBXFrameworksBuildPhase;
			buildActionMask = 2147483647;
			files = (
			);
			runOnlyForDeploymentPostprocessing = 0;
		};
		9D450DB51DFA473D003DDA3B /* Frameworks */ = {
			isa = PBXFrameworksBuildPhase;
			buildActionMask = 2147483647;
			files = (
			);
			runOnlyForDeploymentPostprocessing = 0;
		};
		9D450DC01DFA473D003DDA3B /* Frameworks */ = {
			isa = PBXFrameworksBuildPhase;
			buildActionMask = 2147483647;
			files = (
			);
			runOnlyForDeploymentPostprocessing = 0;
		};
/* End PBXFrameworksBuildPhase section */

/* Begin PBXGroup section */
		9D450D9B1DFA473C003DDA3B = {
			isa = PBXGroup;
			children = (
				9D450DA61DFA473D003DDA3B /* MapTest */,
				9D450DBB1DFA473D003DDA3B /* MapTestTests */,
				9D450DC61DFA473D003DDA3B /* MapTestUITests */,
				9D450DA51DFA473D003DDA3B /* Products */,
			);
			sourceTree = "<group>";
		};
		9D450DA51DFA473D003DDA3B /* Products */ = {
			isa = PBXGroup;
			children = (
				9D450DA41DFA473D003DDA3B /* MapTest.app */,
				9D450DB81DFA473D003DDA3B /* MapTestTests.xctest */,
				9D450DC31DFA473D003DDA3B /* MapTestUITests.xctest */,
			);
			name = Products;
			sourceTree = "<group>";
		};
		9D450DA61DFA473D003DDA3B /* MapTest */ = {
			isa = PBXGroup;
			children = (
				9D450DA71DFA473D003DDA3B /* AppDelegate.swift */,
				9D450DA91DFA473D003DDA3B /* ViewController.swift */,
				9D450DAB1DFA473D003DDA3B /* Main.storyboard */,
				9D450DAE1DFA473D003DDA3B /* Assets.xcassets */,
				9D450DB01DFA473D003DDA3B /* LaunchScreen.storyboard */,
				9D450DB31DFA473D003DDA3B /* Info.plist */,
			);
			path = MapTest;
			sourceTree = "<group>";
		};
		9D450DBB1DFA473D003DDA3B /* MapTestTests */ = {
			isa = PBXGroup;
			children = (
				9D450DBC1DFA473D003DDA3B /* MapTestTests.swift */,
				9D450DBE1DFA473D003DDA3B /* Info.plist */,
			);
			path = MapTestTests;
			sourceTree = "<group>";
		};
		9D450DC61DFA473D003DDA3B /* MapTestUITests */ = {
			isa = PBXGroup;
			children = (
				9D450DC71DFA473D003DDA3B /* MapTestUITests.swift */,
				9D450DC91DFA473D003DDA3B /* Info.plist */,
			);
			path = MapTestUITests;
			sourceTree = "<group>";
		};
/* End PBXGroup section */

/* Begin PBXNativeTarget section */
		9D450DA31DFA473C003DDA3B /* MapTest */ = {
			isa = PBXNativeTarget;
			buildConfigurationList = 9D450DCC1DFA473D003DDA3B /* Build configuration list for PBXNativeTarget "MapTest" */;
			buildPhases = (
				9D450DA01DFA473C003DDA3B /* Sources */,
				9D450DA11DFA473C003DDA3B /* Frameworks */,
				9D450DA21DFA473C003DDA3B /* Resources */,
			);
			buildRules = (
			);
			dependencies = (
			);
			name = MapTest;
			productName = MapTest;
			productReference = 9D450DA41DFA473D003DDA3B /* MapTest.app */;
			productType = "com.apple.product-type.application";
		};
		9D450DB71DFA473D003DDA3B /* MapTestTests */ = {
			isa = PBXNativeTarget;
			buildConfigurationList = 9D450DCF1DFA473D003DDA3B /* Build configuration list for PBXNativeTarget "MapTestTests" */;
			buildPhases = (
				9D450DB41DFA473D003DDA3B /* Sources */,
				9D450DB51DFA473D003DDA3B /* Frameworks */,
				9D450DB61DFA473D003DDA3B /* Resources */,
			);
			buildRules = (
			);
			dependencies = (
				9D450DBA1DFA473D003DDA3B /* PBXTargetDependency */,
			);
			name = MapTestTests;
			productName = MapTestTests;
			productReference = 9D450DB81DFA473D003DDA3B /* MapTestTests.xctest */;
			productType = "com.apple.product-type.bundle.unit-test";
		};
		9D450DC21DFA473D003DDA3B /* MapTestUITests */ = {
			isa = PBXNativeTarget;
			buildConfigurationList = 9D450DD21DFA473D003DDA3B /* Build configuration list for PBXNativeTarget "MapTestUITests" */;
			buildPhases = (
				9D450DBF1DFA473D003DDA3B /* Sources */,
				9D450DC01DFA473D003DDA3B /* Frameworks */,
				9D450DC11DFA473D003DDA3B /* Resources */,
			);
			buildRules = (
			);
			dependencies = (
				9D450DC51DFA473D003DDA3B /* PBXTargetDependency */,
			);
			name = MapTestUITests;
			productName = MapTestUITests;
			productReference = 9D450DC31DFA473D003DDA3B /* MapTestUITests.xctest */;
			productType = "com.apple.product-type.bundle.ui-testing";
		};
/* End PBXNativeTarget section */

/* Begin PBXProject section */
		9D450D9C1DFA473C003DDA3B /* Project object */ = {
			isa = PBXProject;
			attributes = {
				LastSwiftUpdateCheck = 0800;
				LastUpgradeCheck = 0800;
				ORGANIZATIONNAME = iGuest;
				TargetAttributes = {
					9D450DA31DFA473C003DDA3B = {
						CreatedOnToolsVersion = 8.0;
						ProvisioningStyle = Automatic;
					};
					9D450DB71DFA473D003DDA3B = {
						CreatedOnToolsVersion = 8.0;
						ProvisioningStyle = Automatic;
						TestTargetID = 9D450DA31DFA473C003DDA3B;
					};
					9D450DC21DFA473D003DDA3B = {
						CreatedOnToolsVersion = 8.0;
						ProvisioningStyle = Automatic;
						TestTargetID = 9D450DA31DFA473C003DDA3B;
					};
				};
			};
			buildConfigurationList = 9D450D9F1DFA473C003DDA3B /* Build configuration list for PBXProject "MapTest" */;
			compatibilityVersion = "Xcode 3.2";
			developmentRegion = English;
			hasScannedForEncodings = 0;
			knownRegions = (
				en,
				Base,
			);
			mainGroup = 9D450D9B1DFA473C003DDA3B;
			productRefGroup = 9D450DA51DFA473D003DDA3B /* Products */;
			projectDirPath = "";
			projectRoot = "";
			targets = (
				9D450DA31DFA473C003DDA3B /* MapTest */,
				9D450DB71DFA473D003DDA3B /* MapTestTests */,
				9D450DC21DFA473D003DDA3B /* MapTestUITests */,
			);
		};
/* End PBXProject section */

/* Begin PBXResourcesBuildPhase section */
		9D450DA21DFA473C003DDA3B /* Resources */ = {
			isa = PBXResourcesBuildPhase;
			buildActionMask = 2147483647;
			files = (
				9D450DB21DFA473D003DDA3B /* LaunchScreen.storyboard in Resources */,
				9D450DAF1DFA473D003DDA3B /* Assets.xcassets in Resources */,
				9D450DAD1DFA473D003DDA3B /* Main.storyboard in Resources */,
			);
			runOnlyForDeploymentPostprocessing = 0;
		};
		9D450DB61DFA473D003DDA3B /* Resources */ = {
			isa = PBXResourcesBuildPhase;
			buildActionMask = 2147483647;
			files = (
			);
			runOnlyForDeploymentPostprocessing = 0;
		};
		9D450DC11DFA473D003DDA3B /* Resources */ = {
			isa = PBXResourcesBuildPhase;
			buildActionMask = 2147483647;
			files = (
			);
			runOnlyForDeploymentPostprocessing = 0;
		};
/* End PBXResourcesBuildPhase section */

/* Begin PBXSourcesBuildPhase section */
		9D450DA01DFA473C003DDA3B /* Sources */ = {
			isa = PBXSourcesBuildPhase;
			buildActionMask = 2147483647;
			files = (
				9D450DAA1DFA473D003DDA3B /* ViewController.swift in Sources */,
				9D450DA81DFA473D003DDA3B /* AppDelegate.swift in Sources */,
			);
			runOnlyForDeploymentPostprocessing = 0;
		};
		9D450DB41DFA473D003DDA3B /* Sources */ = {
			isa = PBXSourcesBuildPhase;
			buildActionMask = 2147483647;
			files = (
				9D450DBD1DFA473D003DDA3B /* MapTestTests.swift in Sources */,
			);
			runOnlyForDeploymentPostprocessing = 0;
		};
		9D450DBF1DFA473D003DDA3B /* Sources */ = {
			isa = PBXSourcesBuildPhase;
			buildActionMask = 2147483647;
			files = (
				9D450DC81DFA473D003DDA3B /* MapTestUITests.swift in Sources */,
			);
			runOnlyForDeploymentPostprocessing = 0;
		};
/* End PBXSourcesBuildPhase section */

/* Begin PBXTargetDependency section */
		9D450DBA1DFA473D003DDA3B /* PBXTargetDependency */ = {
			isa = PBXTargetDependency;
			target = 9D450DA31DFA473C003DDA3B /* MapTest */;
			targetProxy = 9D450DB91DFA473D003DDA3B /* PBXContainerItemProxy */;
		};
		9D450DC51DFA473D003DDA3B /* PBXTargetDependency */ = {
			isa = PBXTargetDependency;
			target = 9D450DA31DFA473C003DDA3B /* MapTest */;
			targetProxy = 9D450DC41DFA473D003DDA3B /* PBXContainerItemProxy */;
		};
/* End PBXTargetDependency section */

/* Begin PBXVariantGroup section */
		9D450DAB1DFA473D003DDA3B /* Main.storyboard */ = {
			isa = PBXVariantGroup;
			children = (
				9D450DAC1DFA473D003DDA3B /* Base */,
			);
			name = Main.storyboard;
			sourceTree = "<group>";
		};
		9D450DB01DFA473D003DDA3B /* LaunchScreen.storyboard */ = {
			isa = PBXVariantGroup;
			children = (
				9D450DB11DFA473D003DDA3B /* Base */,
			);
			name = LaunchScreen.storyboard;
			sourceTree = "<group>";
		};
/* End PBXVariantGroup section */

/* Begin XCBuildConfiguration section */
		9D450DCA1DFA473D003DDA3B /* Debug */ = {
			isa = XCBuildConfiguration;
			buildSettings = {
				ALWAYS_SEARCH_USER_PATHS = NO;
				CLANG_ANALYZER_NONNULL = YES;
				CLANG_CXX_LANGUAGE_STANDARD = "gnu++0x";
				CLANG_CXX_LIBRARY = "libc++";
				CLANG_ENABLE_MODULES = YES;
				CLANG_ENABLE_OBJC_ARC = YES;
				CLANG_WARN_BOOL_CONVERSION = YES;
				CLANG_WARN_CONSTANT_CONVERSION = YES;
				CLANG_WARN_DIRECT_OBJC_ISA_USAGE = YES_ERROR;
				CLANG_WARN_DOCUMENTATION_COMMENTS = YES;
				CLANG_WARN_EMPTY_BODY = YES;
				CLANG_WARN_ENUM_CONVERSION = YES;
				CLANG_WARN_INFINITE_RECURSION = YES;
				CLANG_WARN_INT_CONVERSION = YES;
				CLANG_WARN_OBJC_ROOT_CLASS = YES_ERROR;
				CLANG_WARN_SUSPICIOUS_MOVES = YES;
				CLANG_WARN_UNREACHABLE_CODE = YES;
				CLANG_WARN__DUPLICATE_METHOD_MATCH = YES;
				"CODE_SIGN_IDENTITY[sdk=iphoneos*]" = "iPhone Developer";
				COPY_PHASE_STRIP = NO;
				DEBUG_INFORMATION_FORMAT = dwarf;
				ENABLE_STRICT_OBJC_MSGSEND = YES;
				ENABLE_TESTABILITY = YES;
				GCC_C_LANGUAGE_STANDARD = gnu99;
				GCC_DYNAMIC_NO_PIC = NO;
				GCC_NO_COMMON_BLOCKS = YES;
				GCC_OPTIMIZATION_LEVEL = 0;
				GCC_PREPROCESSOR_DEFINITIONS = (
					"DEBUG=1",
					"$(inherited)",
				);
				GCC_WARN_64_TO_32_BIT_CONVERSION = YES;
				GCC_WARN_ABOUT_RETURN_TYPE = YES_ERROR;
				GCC_WARN_UNDECLARED_SELECTOR = YES;
				GCC_WARN_UNINITIALIZED_AUTOS = YES_AGGRESSIVE;
				GCC_WARN_UNUSED_FUNCTION = YES;
				GCC_WARN_UNUSED_VARIABLE = YES;
				IPHONEOS_DEPLOYMENT_TARGET = 10.0;
				MTL_ENABLE_DEBUG_INFO = YES;
				ONLY_ACTIVE_ARCH = YES;
				SDKROOT = iphoneos;
				SWIFT_ACTIVE_COMPILATION_CONDITIONS = DEBUG;
				SWIFT_OPTIMIZATION_LEVEL = "-Onone";
				TARGETED_DEVICE_FAMILY = "1,2";
			};
			name = Debug;
		};
		9D450DCB1DFA473D003DDA3B /* Release */ = {
			isa = XCBuildConfiguration;
			buildSettings = {
				ALWAYS_SEARCH_USER_PATHS = NO;
				CLANG_ANALYZER_NONNULL = YES;
				CLANG_CXX_LANGUAGE_STANDARD = "gnu++0x";
				CLANG_CXX_LIBRARY = "libc++";
				CLANG_ENABLE_MODULES = YES;
				CLANG_ENABLE_OBJC_ARC = YES;
				CLANG_WARN_BOOL_CONVERSION = YES;
				CLANG_WARN_CONSTANT_CONVERSION = YES;
				CLANG_WARN_DIRECT_OBJC_ISA_USAGE = YES_ERROR;
				CLANG_WARN_DOCUMENTATION_COMMENTS = YES;
				CLANG_WARN_EMPTY_BODY = YES;
				CLANG_WARN_ENUM_CONVERSION = YES;
				CLANG_WARN_INFINITE_RECURSION = YES;
				CLANG_WARN_INT_CONVERSION = YES;
				CLANG_WARN_OBJC_ROOT_CLASS = YES_ERROR;
				CLANG_WARN_SUSPICIOUS_MOVES = YES;
				CLANG_WARN_UNREACHABLE_CODE = YES;
				CLANG_WARN__DUPLICATE_METHOD_MATCH = YES;
				"CODE_SIGN_IDENTITY[sdk=iphoneos*]" = "iPhone Developer";
				COPY_PHASE_STRIP = NO;
				DEBUG_INFORMATION_FORMAT = "dwarf-with-dsym";
				ENABLE_NS_ASSERTIONS = NO;
				ENABLE_STRICT_OBJC_MSGSEND = YES;
				GCC_C_LANGUAGE_STANDARD = gnu99;
				GCC_NO_COMMON_BLOCKS = YES;
				GCC_WARN_64_TO_32_BIT_CONVERSION = YES;
				GCC_WARN_ABOUT_RETURN_TYPE = YES_ERROR;
				GCC_WARN_UNDECLARED_SELECTOR = YES;
				GCC_WARN_UNINITIALIZED_AUTOS = YES_AGGRESSIVE;
				GCC_WARN_UNUSED_FUNCTION = YES;
				GCC_WARN_UNUSED_VARIABLE = YES;
				IPHONEOS_DEPLOYMENT_TARGET = 10.0;
				MTL_ENABLE_DEBUG_INFO = NO;
				SDKROOT = iphoneos;
				SWIFT_OPTIMIZATION_LEVEL = "-Owholemodule";
				TARGETED_DEVICE_FAMILY = "1,2";
				VALIDATE_PRODUCT = YES;
			};
			name = Release;
		};
		9D450DCD1DFA473D003DDA3B /* Debug */ = {
			isa = XCBuildConfiguration;
			buildSettings = {
				ASSETCATALOG_COMPILER_APPICON_NAME = AppIcon;
				INFOPLIST_FILE = MapTest/Info.plist;
				LD_RUNPATH_SEARCH_PATHS = "$(inherited) @executable_path/Frameworks";
				PRODUCT_BUNDLE_IDENTIFIER = com.benjinman.MapTest;
				PRODUCT_NAME = "$(TARGET_NAME)";
				SWIFT_VERSION = 3.0;
			};
			name = Debug;
		};
		9D450DCE1DFA473D003DDA3B /* Release */ = {
			isa = XCBuildConfiguration;
			buildSettings = {
				ASSETCATALOG_COMPILER_APPICON_NAME = AppIcon;
				INFOPLIST_FILE = MapTest/Info.plist;
				LD_RUNPATH_SEARCH_PATHS = "$(inherited) @executable_path/Frameworks";
				PRODUCT_BUNDLE_IDENTIFIER = com.benjinman.MapTest;
				PRODUCT_NAME = "$(TARGET_NAME)";
				SWIFT_VERSION = 3.0;
			};
			name = Release;
		};
		9D450DD01DFA473D003DDA3B /* Debug */ = {
			isa = XCBuildConfiguration;
			buildSettings = {
				ALWAYS_EMBED_SWIFT_STANDARD_LIBRARIES = YES;
				BUNDLE_LOADER = "$(TEST_HOST)";
				INFOPLIST_FILE = MapTestTests/Info.plist;
				LD_RUNPATH_SEARCH_PATHS = "$(inherited) @executable_path/Frameworks @loader_path/Frameworks";
				PRODUCT_BUNDLE_IDENTIFIER = com.benjinman.MapTestTests;
				PRODUCT_NAME = "$(TARGET_NAME)";
				SWIFT_VERSION = 3.0;
				TEST_HOST = "$(BUILT_PRODUCTS_DIR)/MapTest.app/MapTest";
			};
			name = Debug;
		};
		9D450DD11DFA473D003DDA3B /* Release */ = {
			isa = XCBuildConfiguration;
			buildSettings = {
				ALWAYS_EMBED_SWIFT_STANDARD_LIBRARIES = YES;
				BUNDLE_LOADER = "$(TEST_HOST)";
				INFOPLIST_FILE = MapTestTests/Info.plist;
				LD_RUNPATH_SEARCH_PATHS = "$(inherited) @executable_path/Frameworks @loader_path/Frameworks";
				PRODUCT_BUNDLE_IDENTIFIER = com.benjinman.MapTestTests;
				PRODUCT_NAME = "$(TARGET_NAME)";
				SWIFT_VERSION = 3.0;
				TEST_HOST = "$(BUILT_PRODUCTS_DIR)/MapTest.app/MapTest";
			};
			name = Release;
		};
		9D450DD31DFA473D003DDA3B /* Debug */ = {
			isa = XCBuildConfiguration;
			buildSettings = {
				ALWAYS_EMBED_SWIFT_STANDARD_LIBRARIES = YES;
				INFOPLIST_FILE = MapTestUITests/Info.plist;
				LD_RUNPATH_SEARCH_PATHS = "$(inherited) @executable_path/Frameworks @loader_path/Frameworks";
				PRODUCT_BUNDLE_IDENTIFIER = com.benjinman.MapTestUITests;
				PRODUCT_NAME = "$(TARGET_NAME)";
				SWIFT_VERSION = 3.0;
				TEST_TARGET_NAME = MapTest;
			};
			name = Debug;
		};
		9D450DD41DFA473D003DDA3B /* Release */ = {
			isa = XCBuildConfiguration;
			buildSettings = {
				ALWAYS_EMBED_SWIFT_STANDARD_LIBRARIES = YES;
				INFOPLIST_FILE = MapTestUITests/Info.plist;
				LD_RUNPATH_SEARCH_PATHS = "$(inherited) @executable_path/Frameworks @loader_path/Frameworks";
				PRODUCT_BUNDLE_IDENTIFIER = com.benjinman.MapTestUITests;
				PRODUCT_NAME = "$(TARGET_NAME)";
				SWIFT_VERSION = 3.0;
				TEST_TARGET_NAME = MapTest;
			};
			name = Release;
		};
/* End XCBuildConfiguration section */

/* Begin XCConfigurationList section */
		9D450D9F1DFA473C003DDA3B /* Build configuration list for PBXProject "MapTest" */ = {
			isa = XCConfigurationList;
			buildConfigurations = (
				9D450DCA1DFA473D003DDA3B /* Debug */,
				9D450DCB1DFA473D003DDA3B /* Release */,
			);
			defaultConfigurationIsVisible = 0;
			defaultConfigurationName = Release;
		};
		9D450DCC1DFA473D003DDA3B /* Build configuration list for PBXNativeTarget "MapTest" */ = {
			isa = XCConfigurationList;
			buildConfigurations = (
				9D450DCD1DFA473D003DDA3B /* Debug */,
				9D450DCE1DFA473D003DDA3B /* Release */,
			);
			defaultConfigurationIsVisible = 0;
		};
		9D450DCF1DFA473D003DDA3B /* Build configuration list for PBXNativeTarget "MapTestTests" */ = {
			isa = XCConfigurationList;
			buildConfigurations = (
				9D450DD01DFA473D003DDA3B /* Debug */,
				9D450DD11DFA473D003DDA3B /* Release */,
			);
			defaultConfigurationIsVisible = 0;
		};
		9D450DD21DFA473D003DDA3B /* Build configuration list for PBXNativeTarget "MapTestUITests" */ = {
			isa = XCConfigurationList;
			buildConfigurations = (
				9D450DD31DFA473D003DDA3B /* Debug */,
				9D450DD41DFA473D003DDA3B /* Release */,
			);
			defaultConfigurationIsVisible = 0;
		};
/* End XCConfigurationList section */
	};
	rootObject = 9D450D9C1DFA473C003DDA3B /* Project object */;
}
